// !$*UTF8*$!
{
	archiveVersion = 1;
	classes = {
	};
	objectVersion = 56;
	objects = {

/* Begin PBXBuildFile section */
		087E7F3337D2A7FD08502A0F /* SleepInsightEngine.swift in Sources */ = {isa = PBXBuildFile; fileRef = AF2DDB308F9F23D99795E240 /* SleepInsightEngine.swift */; };
		08DC18B7AC84F0F91131ED58 /* UserPreferences.swift in Sources */ = {isa = PBXBuildFile; fileRef = 234D49A75ED10560B53A2024 /* UserPreferences.swift */; };
		0A7C54E3814C703015DAABFB /* BodyBatteryChart.swift in Sources */ = {isa = PBXBuildFile; fileRef = B04DB48634B9461AF67635F9 /* BodyBatteryChart.swift */; };
		0AFB79BBE592F3A82611801A /* PreviewSupport.swift in Sources */ = {isa = PBXBuildFile; fileRef = 40C905EF878241FBB40DA514 /* PreviewSupport.swift */; };
		0BFD587316B7C688C3E4FD8E /* MockData.swift in Sources */ = {isa = PBXBuildFile; fileRef = 1A572D9FB17470E31AB20EEE /* MockData.swift */; };
		0E21C726F36D1A9DA6147C69 /* ZoonApp.swift in Sources */ = {isa = PBXBuildFile; fileRef = 4111F800CE47F2D2FCC0D2D2 /* ZoonApp.swift */; };
		127350D1EFDD818C34F178E4 /* CardiovascularAge.swift in Sources */ = {isa = PBXBuildFile; fileRef = 580579B853CCD8F36BC2CF5A /* CardiovascularAge.swift */; };
		1392657BC356A10710540C9C /* ZoonWidgetBundle.swift in Sources */ = {isa = PBXBuildFile; fileRef = 02F963BC4B2CA2A8F04DCD42 /* ZoonWidgetBundle.swift */; };
		154E2FFCB3D5DD24C50D2651 /* MockData.swift in Sources */ = {isa = PBXBuildFile; fileRef = 1A572D9FB17470E31AB20EEE /* MockData.swift */; };
		17E20F77C3F9E3A12553EC09 /* SleepRegularity.swift in Sources */ = {isa = PBXBuildFile; fileRef = 07C70198E5864BE78E07D8D1 /* SleepRegularity.swift */; };
		17F1F32ECCE94547CB95F327 /* JournalStore.swift in Sources */ = {isa = PBXBuildFile; fileRef = 796AF05941A49BBC5BC53802 /* JournalStore.swift */; };
		1E9CA31043BE3458E6F3BD44 /* SoundscapeControl.swift in Sources */ = {isa = PBXBuildFile; fileRef = 2FB1A978A10EA12B9D48DB4D /* SoundscapeControl.swift */; };
		1F0BAE90812B36875A249405 /* SleepInsight.swift in Sources */ = {isa = PBXBuildFile; fileRef = F9B138F2A60F6322FB92FB15 /* SleepInsight.swift */; };
		1F95ADE0352279494A37A30F /* DayContext.swift in Sources */ = {isa = PBXBuildFile; fileRef = 2F7C368630DDEC4A2AA747A1 /* DayContext.swift */; };
		201777ABF9C10100E8D20386 /* StrainScore.swift in Sources */ = {isa = PBXBuildFile; fileRef = AD9F7BD8ACF0A1F1076E3A07 /* StrainScore.swift */; };
		2233FE64FFCC356E0CC0FE26 /* AppMockData.swift in Sources */ = {isa = PBXBuildFile; fileRef = B124910D4BF411B8AA63C68C /* AppMockData.swift */; };
		248785715B3DE2156DD7571C /* SleepScore.swift in Sources */ = {isa = PBXBuildFile; fileRef = 29BBBECC2713C3FCF9065786 /* SleepScore.swift */; };
		280DC4B2F8180261BC53D2E2 /* SettingsView.swift in Sources */ = {isa = PBXBuildFile; fileRef = 90AD8CB0B86EA29FC8EBEF2B /* SettingsView.swift */; };
		2B161999F3551D16B4DC0D91 /* SleepSnapshot.swift in Sources */ = {isa = PBXBuildFile; fileRef = E37034BC992888E8D1BA676B /* SleepSnapshot.swift */; };
		2CA9DF6A4727B3E86AE97048 /* SoundscapeView.swift in Sources */ = {isa = PBXBuildFile; fileRef = 8FA2A39F223DD162F1139936 /* SoundscapeView.swift */; };
		2F84511FA3AF3BAA1C4DC443 /* HRVStatus.swift in Sources */ = {isa = PBXBuildFile; fileRef = 4D46AFE40EF6A03AB6D2D1BE /* HRVStatus.swift */; };
		30D02782ED1C19CF13EB68F2 /* Assets.xcassets in Resources */ = {isa = PBXBuildFile; fileRef = A642BBA44A200DA78DC8E341 /* Assets.xcassets */; };
		318F2D3EAEE2B49A3F03B7E2 /* NapView.swift in Sources */ = {isa = PBXBuildFile; fileRef = 6EF28EA3935C59AD80111D89 /* NapView.swift */; };
		341925CCB785A77216B06E8A /* TrendsView.swift in Sources */ = {isa = PBXBuildFile; fileRef = 6E73BF56BE184A76A17FDF61 /* TrendsView.swift */; };
		342B5CD8E6E873E78B42501D /* JournalEntry.swift in Sources */ = {isa = PBXBuildFile; fileRef = 4244633C56362A14F2ABE898 /* JournalEntry.swift */; };
		35E99C1587A2DB7A3425CF63 /* HealthRadar.swift in Sources */ = {isa = PBXBuildFile; fileRef = 03508B538C62AC65FD8AD914 /* HealthRadar.swift */; };
		36B1C7EF0815C51842522689 /* SleepNeed.swift in Sources */ = {isa = PBXBuildFile; fileRef = E06932F33E82F37E1B73B42C /* SleepNeed.swift */; };
		37D54E5BDD40739E90B7D9BE /* SleepNightRecord.swift in Sources */ = {isa = PBXBuildFile; fileRef = F85F8220F4ECA3D51EACAA15 /* SleepNightRecord.swift */; };
		3A79A11D0D8F02FADB5E47F5 /* JournalCorrelator.swift in Sources */ = {isa = PBXBuildFile; fileRef = 41F3143BC9E915F4D207693A /* JournalCorrelator.swift */; };
		402487B4962F61C60243F542 /* NapStore.swift in Sources */ = {isa = PBXBuildFile; fileRef = 7C1DB3776628821BCA9A8964 /* NapStore.swift */; };
		408D22C1B528FB25B057BC19 /* SleepStage.swift in Sources */ = {isa = PBXBuildFile; fileRef = 010D79DAE1D4D7B54F7147DA /* SleepStage.swift */; };
		47EF1E15A3967BBBDDE1EAAF /* JournalView.swift in Sources */ = {isa = PBXBuildFile; fileRef = 198401AD6CC208D4D6138629 /* JournalView.swift */; };
		49D17492D853157D162DD3F2 /* BodyBattery.swift in Sources */ = {isa = PBXBuildFile; fileRef = 63B144AF3807FA6DAA668EFE /* BodyBattery.swift */; };
		54A550E8B72A295F8711315C /* SleepTimelineProvider.swift in Sources */ = {isa = PBXBuildFile; fileRef = A9F17278E812BF344A4F336E /* SleepTimelineProvider.swift */; };
		5B4D3B73E663574D67496403 /* NapActivityAttributes.swift in Sources */ = {isa = PBXBuildFile; fileRef = 6A941681C0FF29010F444059 /* NapActivityAttributes.swift */; };
		5EA91DA4CE2DC82C8268D79F /* RootView.swift in Sources */ = {isa = PBXBuildFile; fileRef = 406D31EF0E61E462C6DAC9C5 /* RootView.swift */; };
		63C0C306002158B02EA497E5 /* SleepScore.swift in Sources */ = {isa = PBXBuildFile; fileRef = 29BBBECC2713C3FCF9065786 /* SleepScore.swift */; };
		63EACBCDD07E27FB51CFE8A1 /* RegularityCards.swift in Sources */ = {isa = PBXBuildFile; fileRef = C674514EF3C9937365A3C45F /* RegularityCards.swift */; };
		63F21DE5FD17061A3D6B660F /* SoundscapeEngine.swift in Sources */ = {isa = PBXBuildFile; fileRef = 710B9A0DBC682D2A2A6A1F4E /* SoundscapeEngine.swift */; };
		6CA4AE04FD206F5A3004A1A5 /* SleepNightFeatures.swift in Sources */ = {isa = PBXBuildFile; fileRef = 9D123766B00625BEF005F888 /* SleepNightFeatures.swift */; };
		6CCD88C5A3EB177EE43A50F9 /* SleepStage.swift in Sources */ = {isa = PBXBuildFile; fileRef = 010D79DAE1D4D7B54F7147DA /* SleepStage.swift */; };
		6E72E1436F4E1E93625CCCB6 /* VitalsStatus.swift in Sources */ = {isa = PBXBuildFile; fileRef = 7EC392B5759BE3200B53F48D /* VitalsStatus.swift */; };
		76C0D28CA9E55F71BE2DB9A0 /* Theme.swift in Sources */ = {isa = PBXBuildFile; fileRef = 4EC1FF35F8179A094C3AB745 /* Theme.swift */; };
		77DB90244BE02A48D458878F /* FoundationModelInsightEngine.swift in Sources */ = {isa = PBXBuildFile; fileRef = EF14B47CE493455F452C408F /* FoundationModelInsightEngine.swift */; };
		79320CD5F3A7F8E12DA02168 /* DeepLink.swift in Sources */ = {isa = PBXBuildFile; fileRef = DF4CCC9CCF7CEDBD7455FEF2 /* DeepLink.swift */; };
		81C5CE87400BED1A7448534A /* NapActivityAttributes.swift in Sources */ = {isa = PBXBuildFile; fileRef = 6A941681C0FF29010F444059 /* NapActivityAttributes.swift */; };
		8244F98542528575434DEA30 /* SleepSessionBuilder.swift in Sources */ = {isa = PBXBuildFile; fileRef = 73D7172E74524A180449FDD9 /* SleepSessionBuilder.swift */; };
		8508204FEC412F59D8F3D82F /* HypnogramView.swift in Sources */ = {isa = PBXBuildFile; fileRef = 12AB23E8C636FD67F0EFBBA9 /* HypnogramView.swift */; };
		96F939EF1F8F92D4E152A63B /* SleepRegularity.swift in Sources */ = {isa = PBXBuildFile; fileRef = 07C70198E5864BE78E07D8D1 /* SleepRegularity.swift */; };
		9715C5BD2335132F4F8AC6B5 /* HealthKitManager.swift in Sources */ = {isa = PBXBuildFile; fileRef = 22668C3DACB2DCC8884CF14D /* HealthKitManager.swift */; };
		A6A9D3E2060799C1C6F5FE2C /* SleepDebtWidget.swift in Sources */ = {isa = PBXBuildFile; fileRef = 0C7F6F54B2365B0030755EB2 /* SleepDebtWidget.swift */; };
		AD04426F85852FA876D1783B /* SleepHistoryStore.swift in Sources */ = {isa = PBXBuildFile; fileRef = 7C5056DFADE6AA9868C543E9 /* SleepHistoryStore.swift */; };
		AE3A221E7415F4805F6CF9E7 /* HRVStatus.swift in Sources */ = {isa = PBXBuildFile; fileRef = 4D46AFE40EF6A03AB6D2D1BE /* HRVStatus.swift */; };
		AED0FF0C41F4D17DA551838B /* LocalLLMInsightEngine.swift in Sources */ = {isa = PBXBuildFile; fileRef = 597724864AD5B340EECCB91E /* LocalLLMInsightEngine.swift */; };
		B14CE3E0336C3BC2A34B75C7 /* WeeklyReport.swift in Sources */ = {isa = PBXBuildFile; fileRef = 32B703D845C762279417E217 /* WeeklyReport.swift */; };
		B1B070822C0790707FE00BC1 /* MetricRing.swift in Sources */ = {isa = PBXBuildFile; fileRef = 213BE1CB4CA529DD53B50FD5 /* MetricRing.swift */; };
		BA6CB9436CCAABA2DA57A9FF /* RuleBasedInsightEngine.swift in Sources */ = {isa = PBXBuildFile; fileRef = 93357909E5FD2CF0EE69F629 /* RuleBasedInsightEngine.swift */; };
		BE8F8EADC36EFF631AA73AC1 /* Theme.swift in Sources */ = {isa = PBXBuildFile; fileRef = 4EC1FF35F8179A094C3AB745 /* Theme.swift */; };
		C286634AE25F50A8CDC04E6F /* ZoonWidgetExtension.appex in Embed Foundation Extensions */ = {isa = PBXBuildFile; fileRef = CFEE55A02984C083C52C8EFC /* ZoonWidgetExtension.appex */; settings = {ATTRIBUTES = (RemoveHeadersOnCopy, ); }; };
		C7141183286099D4C8F5A4D9 /* HealthRadar.swift in Sources */ = {isa = PBXBuildFile; fileRef = 03508B538C62AC65FD8AD914 /* HealthRadar.swift */; };
		D16936FC59B87D97DE8C244A /* DataExporter.swift in Sources */ = {isa = PBXBuildFile; fileRef = BCC58B54AF485ADA01A24AF9 /* DataExporter.swift */; };
		D397403DABFEACAA41DB8475 /* SleepNeed.swift in Sources */ = {isa = PBXBuildFile; fileRef = E06932F33E82F37E1B73B42C /* SleepNeed.swift */; };
		D5B2AB8453BE04089FAB875E /* SleepSnapshot.swift in Sources */ = {isa = PBXBuildFile; fileRef = E37034BC992888E8D1BA676B /* SleepSnapshot.swift */; };
		DC2C58193F5F943D820FC820 /* SleepScoreWidget.swift in Sources */ = {isa = PBXBuildFile; fileRef = CA1A4C98D8556DDAF0DBEFF6 /* SleepScoreWidget.swift */; };
		DD223371A0B29FBE235BBC6B /* CardiovascularAge.swift in Sources */ = {isa = PBXBuildFile; fileRef = 580579B853CCD8F36BC2CF5A /* CardiovascularAge.swift */; };
		DFB5C693F73E21AC169D52A2 /* MoreView.swift in Sources */ = {isa = PBXBuildFile; fileRef = 97851BDC0CB8EE6780A3E49D /* MoreView.swift */; };
		E11AF6F8F50A25A70CB39D3C /* SleepDetailView.swift in Sources */ = {isa = PBXBuildFile; fileRef = F89C5DEE01809047EF6230EF /* SleepDetailView.swift */; };
		E2DF80B10EB5CB60C63DEEC1 /* BodyBattery.swift in Sources */ = {isa = PBXBuildFile; fileRef = 63B144AF3807FA6DAA668EFE /* BodyBattery.swift */; };
		E6F8F401B31F787AC7358604 /* DeepLink.swift in Sources */ = {isa = PBXBuildFile; fileRef = DF4CCC9CCF7CEDBD7455FEF2 /* DeepLink.swift */; };
		E77CCAEA9A804E80BA0090EA /* StrainScore.swift in Sources */ = {isa = PBXBuildFile; fileRef = AD9F7BD8ACF0A1F1076E3A07 /* StrainScore.swift */; };
		E7E68658D923ECD0BD14401E /* InsightCard.swift in Sources */ = {isa = PBXBuildFile; fileRef = 45237B7D4C6548BAEC55290F /* InsightCard.swift */; };
		E9CFB4321D71716E53CF9575 /* ReportView.swift in Sources */ = {isa = PBXBuildFile; fileRef = 37EAA5532EFA21001A098C97 /* ReportView.swift */; };
		EF4827F9DEB3898B7733F8DE /* DayContextBuilder.swift in Sources */ = {isa = PBXBuildFile; fileRef = 5C432B8295F6810E7F975CEE /* DayContextBuilder.swift */; };
		F093513A2B0112BFAB4586CC /* Assets.xcassets in Resources */ = {isa = PBXBuildFile; fileRef = 4423A4E415346D2848DCFF7D /* Assets.xcassets */; };
		F4564ECAF9BD29A9DDF14656 /* RecoveryScore.swift in Sources */ = {isa = PBXBuildFile; fileRef = FBBDF3B33AE740C4B071FD90 /* RecoveryScore.swift */; };
		F4912FC411860F03F63EB22F /* SleepInsight.swift in Sources */ = {isa = PBXBuildFile; fileRef = F9B138F2A60F6322FB92FB15 /* SleepInsight.swift */; };
		F5DBED31BF40FC4B08D4D390 /* NapLiveActivity.swift in Sources */ = {isa = PBXBuildFile; fileRef = 1C5CCACD956D78CAB0486CDB /* NapLiveActivity.swift */; };
		F7D50D4A2644F88D12CE6225 /* SleepDataCoordinator.swift in Sources */ = {isa = PBXBuildFile; fileRef = B0E516994F630E303DD12E36 /* SleepDataCoordinator.swift */; };
		FA872B4C4904465C3E1557A2 /* LaunchOptions.swift in Sources */ = {isa = PBXBuildFile; fileRef = 49631B20B1506B60BDEB8FC7 /* LaunchOptions.swift */; };
		FB653BDD763662866376DE9F /* RecoveryScore.swift in Sources */ = {isa = PBXBuildFile; fileRef = FBBDF3B33AE740C4B071FD90 /* RecoveryScore.swift */; };
		FC1D90B78CCBC21C380EB178 /* VitalsStatus.swift in Sources */ = {isa = PBXBuildFile; fileRef = 7EC392B5759BE3200B53F48D /* VitalsStatus.swift */; };
		FDDD9393A5532F86AFC33A2D /* FeatureExtractor.swift in Sources */ = {isa = PBXBuildFile; fileRef = 4CE26528CE71795A222831C3 /* FeatureExtractor.swift */; };
		FEC6F3C8CE0738C45E564583 /* TodayView.swift in Sources */ = {isa = PBXBuildFile; fileRef = 603206A2CDB9BC509E9EAD46 /* TodayView.swift */; };
		FF3BFC3E797A78A4EB75D0A7 /* SleepNightFeatures.swift in Sources */ = {isa = PBXBuildFile; fileRef = 9D123766B00625BEF005F888 /* SleepNightFeatures.swift */; };
/* End PBXBuildFile section */

/* Begin PBXContainerItemProxy section */
		6332FA84B7BDEC43CA23DF4F /* PBXContainerItemProxy */ = {
			isa = PBXContainerItemProxy;
			containerPortal = 46F86FAA6BBF9AC94A7E4595 /* Project object */;
			proxyType = 1;
			remoteGlobalIDString = 3B349027366F684A61204B00;
			remoteInfo = ZoonWidgetExtension;
		};
/* End PBXContainerItemProxy section */

/* Begin PBXCopyFilesBuildPhase section */
		496AF46EC2762DDF91F78F13 /* Embed Foundation Extensions */ = {
			isa = PBXCopyFilesBuildPhase;
			buildActionMask = 2147483647;
			dstPath = "";
			dstSubfolderSpec = 13;
			files = (
				C286634AE25F50A8CDC04E6F,
			);
			name = "Embed Foundation Extensions";
			runOnlyForDeploymentPostprocessing = 0;
		};
/* End PBXCopyFilesBuildPhase section */

/* Begin PBXFileReference section */
		010D79DAE1D4D7B54F7147DA /* SleepStage.swift */ = {isa = PBXFileReference; lastKnownFileType = sourcecode.swift; path = "SleepStage.swift"; sourceTree = "<group>"; };
		02F963BC4B2CA2A8F04DCD42 /* ZoonWidgetBundle.swift */ = {isa = PBXFileReference; lastKnownFileType = sourcecode.swift; path = "ZoonWidgetBundle.swift"; sourceTree = "<group>"; };
		03508B538C62AC65FD8AD914 /* HealthRadar.swift */ = {isa = PBXFileReference; lastKnownFileType = sourcecode.swift; path = "HealthRadar.swift"; sourceTree = "<group>"; };
		07C70198E5864BE78E07D8D1 /* SleepRegularity.swift */ = {isa = PBXFileReference; lastKnownFileType = sourcecode.swift; path = "SleepRegularity.swift"; sourceTree = "<group>"; };
		0C7F6F54B2365B0030755EB2 /* SleepDebtWidget.swift */ = {isa = PBXFileReference; lastKnownFileType = sourcecode.swift; path = "SleepDebtWidget.swift"; sourceTree = "<group>"; };
		12AB23E8C636FD67F0EFBBA9 /* HypnogramView.swift */ = {isa = PBXFileReference; lastKnownFileType = sourcecode.swift; path = "HypnogramView.swift"; sourceTree = "<group>"; };
		198401AD6CC208D4D6138629 /* JournalView.swift */ = {isa = PBXFileReference; lastKnownFileType = sourcecode.swift; path = "JournalView.swift"; sourceTree = "<group>"; };
		1A572D9FB17470E31AB20EEE /* MockData.swift */ = {isa = PBXFileReference; lastKnownFileType = sourcecode.swift; path = "MockData.swift"; sourceTree = "<group>"; };
		1C5CCACD956D78CAB0486CDB /* NapLiveActivity.swift */ = {isa = PBXFileReference; lastKnownFileType = sourcecode.swift; path = "NapLiveActivity.swift"; sourceTree = "<group>"; };
		213BE1CB4CA529DD53B50FD5 /* MetricRing.swift */ = {isa = PBXFileReference; lastKnownFileType = sourcecode.swift; path = "MetricRing.swift"; sourceTree = "<group>"; };
		22668C3DACB2DCC8884CF14D /* HealthKitManager.swift */ = {isa = PBXFileReference; lastKnownFileType = sourcecode.swift; path = "HealthKitManager.swift"; sourceTree = "<group>"; };
		234D49A75ED10560B53A2024 /* UserPreferences.swift */ = {isa = PBXFileReference; lastKnownFileType = sourcecode.swift; path = "UserPreferences.swift"; sourceTree = "<group>"; };
		29BBBECC2713C3FCF9065786 /* SleepScore.swift */ = {isa = PBXFileReference; lastKnownFileType = sourcecode.swift; path = "SleepScore.swift"; sourceTree = "<group>"; };
		2B50A94B6FCAD440E1EF0A19 /* .gitignore */ = {isa = PBXFileReference; lastKnownFileType = text; path = ".gitignore"; sourceTree = "<group>"; };
		2F7C368630DDEC4A2AA747A1 /* DayContext.swift */ = {isa = PBXFileReference; lastKnownFileType = sourcecode.swift; path = "DayContext.swift"; sourceTree = "<group>"; };
		2FB1A978A10EA12B9D48DB4D /* SoundscapeControl.swift */ = {isa = PBXFileReference; lastKnownFileType = sourcecode.swift; path = "SoundscapeControl.swift"; sourceTree = "<group>"; };
		32B703D845C762279417E217 /* WeeklyReport.swift */ = {isa = PBXFileReference; lastKnownFileType = sourcecode.swift; path = "WeeklyReport.swift"; sourceTree = "<group>"; };
		37EAA5532EFA21001A098C97 /* ReportView.swift */ = {isa = PBXFileReference; lastKnownFileType = sourcecode.swift; path = "ReportView.swift"; sourceTree = "<group>"; };
		406D31EF0E61E462C6DAC9C5 /* RootView.swift */ = {isa = PBXFileReference; lastKnownFileType = sourcecode.swift; path = "RootView.swift"; sourceTree = "<group>"; };
		40C905EF878241FBB40DA514 /* PreviewSupport.swift */ = {isa = PBXFileReference; lastKnownFileType = sourcecode.swift; path = "PreviewSupport.swift"; sourceTree = "<group>"; };
		4111F800CE47F2D2FCC0D2D2 /* ZoonApp.swift */ = {isa = PBXFileReference; lastKnownFileType = sourcecode.swift; path = "ZoonApp.swift"; sourceTree = "<group>"; };
		41F3143BC9E915F4D207693A /* JournalCorrelator.swift */ = {isa = PBXFileReference; lastKnownFileType = sourcecode.swift; path = "JournalCorrelator.swift"; sourceTree = "<group>"; };
		4244633C56362A14F2ABE898 /* JournalEntry.swift */ = {isa = PBXFileReference; lastKnownFileType = sourcecode.swift; path = "JournalEntry.swift"; sourceTree = "<group>"; };
		4423A4E415346D2848DCFF7D /* Assets.xcassets */ = {isa = PBXFileReference; lastKnownFileType = folder.assetcatalog; path = "Assets.xcassets"; sourceTree = "<group>"; };
		45237B7D4C6548BAEC55290F /* InsightCard.swift */ = {isa = PBXFileReference; lastKnownFileType = sourcecode.swift; path = "InsightCard.swift"; sourceTree = "<group>"; };
		49631B20B1506B60BDEB8FC7 /* LaunchOptions.swift */ = {isa = PBXFileReference; lastKnownFileType = sourcecode.swift; path = "LaunchOptions.swift"; sourceTree = "<group>"; };
		4CE26528CE71795A222831C3 /* FeatureExtractor.swift */ = {isa = PBXFileReference; lastKnownFileType = sourcecode.swift; path = "FeatureExtractor.swift"; sourceTree = "<group>"; };
		4D46AFE40EF6A03AB6D2D1BE /* HRVStatus.swift */ = {isa = PBXFileReference; lastKnownFileType = sourcecode.swift; path = "HRVStatus.swift"; sourceTree = "<group>"; };
		4EC1FF35F8179A094C3AB745 /* Theme.swift */ = {isa = PBXFileReference; lastKnownFileType = sourcecode.swift; path = "Theme.swift"; sourceTree = "<group>"; };
		580579B853CCD8F36BC2CF5A /* CardiovascularAge.swift */ = {isa = PBXFileReference; lastKnownFileType = sourcecode.swift; path = "CardiovascularAge.swift"; sourceTree = "<group>"; };
		597724864AD5B340EECCB91E /* LocalLLMInsightEngine.swift */ = {isa = PBXFileReference; lastKnownFileType = sourcecode.swift; path = "LocalLLMInsightEngine.swift"; sourceTree = "<group>"; };
		5C432B8295F6810E7F975CEE /* DayContextBuilder.swift */ = {isa = PBXFileReference; lastKnownFileType = sourcecode.swift; path = "DayContextBuilder.swift"; sourceTree = "<group>"; };
		603206A2CDB9BC509E9EAD46 /* TodayView.swift */ = {isa = PBXFileReference; lastKnownFileType = sourcecode.swift; path = "TodayView.swift"; sourceTree = "<group>"; };
		63B144AF3807FA6DAA668EFE /* BodyBattery.swift */ = {isa = PBXFileReference; lastKnownFileType = sourcecode.swift; path = "BodyBattery.swift"; sourceTree = "<group>"; };
		6A941681C0FF29010F444059 /* NapActivityAttributes.swift */ = {isa = PBXFileReference; lastKnownFileType = sourcecode.swift; path = "NapActivityAttributes.swift"; sourceTree = "<group>"; };
		6E73BF56BE184A76A17FDF61 /* TrendsView.swift */ = {isa = PBXFileReference; lastKnownFileType = sourcecode.swift; path = "TrendsView.swift"; sourceTree = "<group>"; };
		6EF28EA3935C59AD80111D89 /* NapView.swift */ = {isa = PBXFileReference; lastKnownFileType = sourcecode.swift; path = "NapView.swift"; sourceTree = "<group>"; };
		710B9A0DBC682D2A2A6A1F4E /* SoundscapeEngine.swift */ = {isa = PBXFileReference; lastKnownFileType = sourcecode.swift; path = "SoundscapeEngine.swift"; sourceTree = "<group>"; };
		73D7172E74524A180449FDD9 /* SleepSessionBuilder.swift */ = {isa = PBXFileReference; lastKnownFileType = sourcecode.swift; path = "SleepSessionBuilder.swift"; sourceTree = "<group>"; };
		796AF05941A49BBC5BC53802 /* JournalStore.swift */ = {isa = PBXFileReference; lastKnownFileType = sourcecode.swift; path = "JournalStore.swift"; sourceTree = "<group>"; };
		7C1DB3776628821BCA9A8964 /* NapStore.swift */ = {isa = PBXFileReference; lastKnownFileType = sourcecode.swift; path = "NapStore.swift"; sourceTree = "<group>"; };
		7C5056DFADE6AA9868C543E9 /* SleepHistoryStore.swift */ = {isa = PBXFileReference; lastKnownFileType = sourcecode.swift; path = "SleepHistoryStore.swift"; sourceTree = "<group>"; };
		7EC392B5759BE3200B53F48D /* VitalsStatus.swift */ = {isa = PBXFileReference; lastKnownFileType = sourcecode.swift; path = "VitalsStatus.swift"; sourceTree = "<group>"; };
		8066889AE0CD6E1DB059BF18 /* LICENSE */ = {isa = PBXFileReference; lastKnownFileType = text; path = "LICENSE"; sourceTree = "<group>"; };
		84337AD8D27FCD69AF2C4FC2 /* Zoon.app */ = {isa = PBXFileReference; explicitFileType = wrapper.application; includeInIndex = 0; path = Zoon.app; sourceTree = BUILT_PRODUCTS_DIR; };
		8509DD790DE7D4A444D69168 /* README.md */ = {isa = PBXFileReference; lastKnownFileType = net.daringfireball.markdown; path = "README.md"; sourceTree = "<group>"; };
		8EF59F8123A0041B8A091BC7 /* project.yml */ = {isa = PBXFileReference; lastKnownFileType = text.yaml; path = "project.yml"; sourceTree = "<group>"; };
		8FA2A39F223DD162F1139936 /* SoundscapeView.swift */ = {isa = PBXFileReference; lastKnownFileType = sourcecode.swift; path = "SoundscapeView.swift"; sourceTree = "<group>"; };
		90AD8CB0B86EA29FC8EBEF2B /* SettingsView.swift */ = {isa = PBXFileReference; lastKnownFileType = sourcecode.swift; path = "SettingsView.swift"; sourceTree = "<group>"; };
		93357909E5FD2CF0EE69F629 /* RuleBasedInsightEngine.swift */ = {isa = PBXFileReference; lastKnownFileType = sourcecode.swift; path = "RuleBasedInsightEngine.swift"; sourceTree = "<group>"; };
		97851BDC0CB8EE6780A3E49D /* MoreView.swift */ = {isa = PBXFileReference; lastKnownFileType = sourcecode.swift; path = "MoreView.swift"; sourceTree = "<group>"; };
		9D123766B00625BEF005F888 /* SleepNightFeatures.swift */ = {isa = PBXFileReference; lastKnownFileType = sourcecode.swift; path = "SleepNightFeatures.swift"; sourceTree = "<group>"; };
		A642BBA44A200DA78DC8E341 /* Assets.xcassets */ = {isa = PBXFileReference; lastKnownFileType = folder.assetcatalog; path = "Assets.xcassets"; sourceTree = "<group>"; };
		A9F17278E812BF344A4F336E /* SleepTimelineProvider.swift */ = {isa = PBXFileReference; lastKnownFileType = sourcecode.swift; path = "SleepTimelineProvider.swift"; sourceTree = "<group>"; };
		AD9F7BD8ACF0A1F1076E3A07 /* StrainScore.swift */ = {isa = PBXFileReference; lastKnownFileType = sourcecode.swift; path = "StrainScore.swift"; sourceTree = "<group>"; };
		AF2DDB308F9F23D99795E240 /* SleepInsightEngine.swift */ = {isa = PBXFileReference; lastKnownFileType = sourcecode.swift; path = "SleepInsightEngine.swift"; sourceTree = "<group>"; };
		B04DB48634B9461AF67635F9 /* BodyBatteryChart.swift */ = {isa = PBXFileReference; lastKnownFileType = sourcecode.swift; path = "BodyBatteryChart.swift"; sourceTree = "<group>"; };
		B0E516994F630E303DD12E36 /* SleepDataCoordinator.swift */ = {isa = PBXFileReference; lastKnownFileType = sourcecode.swift; path = "SleepDataCoordinator.swift"; sourceTree = "<group>"; };
		B124910D4BF411B8AA63C68C /* AppMockData.swift */ = {isa = PBXFileReference; lastKnownFileType = sourcecode.swift; path = "AppMockData.swift"; sourceTree = "<group>"; };
		BCC58B54AF485ADA01A24AF9 /* DataExporter.swift */ = {isa = PBXFileReference; lastKnownFileType = sourcecode.swift; path = "DataExporter.swift"; sourceTree = "<group>"; };
		C674514EF3C9937365A3C45F /* RegularityCards.swift */ = {isa = PBXFileReference; lastKnownFileType = sourcecode.swift; path = "RegularityCards.swift"; sourceTree = "<group>"; };
		CA1A4C98D8556DDAF0DBEFF6 /* SleepScoreWidget.swift */ = {isa = PBXFileReference; lastKnownFileType = sourcecode.swift; path = "SleepScoreWidget.swift"; sourceTree = "<group>"; };
		CD69CD9C06439C33415CFE06 /* SETUP.md */ = {isa = PBXFileReference; lastKnownFileType = net.daringfireball.markdown; path = "SETUP.md"; sourceTree = "<group>"; };
		CFEE55A02984C083C52C8EFC /* ZoonWidgetExtension.appex */ = {isa = PBXFileReference; explicitFileType = "wrapper.app-extension"; includeInIndex = 0; path = ZoonWidgetExtension.appex; sourceTree = BUILT_PRODUCTS_DIR; };
		DF4CCC9CCF7CEDBD7455FEF2 /* DeepLink.swift */ = {isa = PBXFileReference; lastKnownFileType = sourcecode.swift; path = "DeepLink.swift"; sourceTree = "<group>"; };
		E06932F33E82F37E1B73B42C /* SleepNeed.swift */ = {isa = PBXFileReference; lastKnownFileType = sourcecode.swift; path = "SleepNeed.swift"; sourceTree = "<group>"; };
		E37034BC992888E8D1BA676B /* SleepSnapshot.swift */ = {isa = PBXFileReference; lastKnownFileType = sourcecode.swift; path = "SleepSnapshot.swift"; sourceTree = "<group>"; };
		EF14B47CE493455F452C408F /* FoundationModelInsightEngine.swift */ = {isa = PBXFileReference; lastKnownFileType = sourcecode.swift; path = "FoundationModelInsightEngine.swift"; sourceTree = "<group>"; };
		F85F8220F4ECA3D51EACAA15 /* SleepNightRecord.swift */ = {isa = PBXFileReference; lastKnownFileType = sourcecode.swift; path = "SleepNightRecord.swift"; sourceTree = "<group>"; };
		F89C5DEE01809047EF6230EF /* SleepDetailView.swift */ = {isa = PBXFileReference; lastKnownFileType = sourcecode.swift; path = "SleepDetailView.swift"; sourceTree = "<group>"; };
		F9B138F2A60F6322FB92FB15 /* SleepInsight.swift */ = {isa = PBXFileReference; lastKnownFileType = sourcecode.swift; path = "SleepInsight.swift"; sourceTree = "<group>"; };
		FBBDF3B33AE740C4B071FD90 /* RecoveryScore.swift */ = {isa = PBXFileReference; lastKnownFileType = sourcecode.swift; path = "RecoveryScore.swift"; sourceTree = "<group>"; };
/* End PBXFileReference section */

/* Begin PBXFrameworksBuildPhase section */
		C380EA7C32F43BBFAB3A69EC /* Frameworks */ = {
			isa = PBXFrameworksBuildPhase;
			buildActionMask = 2147483647;
			files = (

			);
			runOnlyForDeploymentPostprocessing = 0;
		};
		DB575B01C9EDB90A46216F71 /* Frameworks */ = {
			isa = PBXFrameworksBuildPhase;
			buildActionMask = 2147483647;
			files = (

			);
			runOnlyForDeploymentPostprocessing = 0;
		};
/* End PBXFrameworksBuildPhase section */

/* Begin PBXGroup section */
		037D43276F716FE803145F5F /* Components */ = {
			isa = PBXGroup;
			children = (
				B04DB48634B9461AF67635F9,
				12AB23E8C636FD67F0EFBBA9,
				45237B7D4C6548BAEC55290F,
				213BE1CB4CA529DD53B50FD5,
				C674514EF3C9937365A3C45F,
			);
			path = Components;
			sourceTree = "<group>";
		};
		1E9E5DCC18BB7937F8B24A56 /* Insights */ = {
			isa = PBXGroup;
			children = (
				EF14B47CE493455F452C408F,
				41F3143BC9E915F4D207693A,
				597724864AD5B340EECCB91E,
				93357909E5FD2CF0EE69F629,
				AF2DDB308F9F23D99795E240,
				32B703D845C762279417E217,
			);
			path = Insights;
			sourceTree = "<group>";
		};
		22419E6C9150159FB90F5B67 /* Services */ = {
			isa = PBXGroup;
			children = (
				BCC58B54AF485ADA01A24AF9,
				5C432B8295F6810E7F975CEE,
				4CE26528CE71795A222831C3,
				22668C3DACB2DCC8884CF14D,
				796AF05941A49BBC5BC53802,
				49631B20B1506B60BDEB8FC7,
				7C1DB3776628821BCA9A8964,
				B0E516994F630E303DD12E36,
				7C5056DFADE6AA9868C543E9,
				73D7172E74524A180449FDD9,
				710B9A0DBC682D2A2A6A1F4E,
			);
			path = Services;
			sourceTree = "<group>";
		};
		2DBCBEDD6A9B8440C8705C03 /* Models */ = {
			isa = PBXGroup;
			children = (
				B124910D4BF411B8AA63C68C,
				2F7C368630DDEC4A2AA747A1,
				4244633C56362A14F2ABE898,
				F85F8220F4ECA3D51EACAA15,
				234D49A75ED10560B53A2024,
			);
			path = Models;
			sourceTree = "<group>";
		};
		3B534EC61D756F8D2311F047 /* Documentation */ = {
			isa = PBXGroup;
			children = (
				8509DD790DE7D4A444D69168,
				CD69CD9C06439C33415CFE06,
				8EF59F8123A0041B8A091BC7,
				8066889AE0CD6E1DB059BF18,
				2B50A94B6FCAD440E1EF0A19,
			);
			name = Documentation;
			sourceTree = "<group>";
		};
		518DA81DB9B99529C0C0AEBE = {
			isa = PBXGroup;
			children = (
				B46A6AFB1DC88CE23F6E63F1,
				B10A1100D1BB4824CA4E3EBE,
				5404EB41D8A28647E668AC94,
				3B534EC61D756F8D2311F047,
				547D009064F7C3F13BEF3460,
			);
			sourceTree = "<group>";
		};
		5404EB41D8A28647E668AC94 /* ZoonWidget */ = {
			isa = PBXGroup;
			children = (
				1C5CCACD956D78CAB0486CDB,
				0C7F6F54B2365B0030755EB2,
				CA1A4C98D8556DDAF0DBEFF6,
				A9F17278E812BF344A4F336E,
				2FB1A978A10EA12B9D48DB4D,
				02F963BC4B2CA2A8F04DCD42,
				4423A4E415346D2848DCFF7D,
			);
			path = ZoonWidget;
			sourceTree = "<group>";
		};
		547D009064F7C3F13BEF3460 /* Products */ = {
			isa = PBXGroup;
			children = (
				84337AD8D27FCD69AF2C4FC2,
				CFEE55A02984C083C52C8EFC,
			);
			name = Products;
			sourceTree = "<group>";
		};
		B10A1100D1BB4824CA4E3EBE /* Zoon */ = {
			isa = PBXGroup;
			children = (
				1E9E5DCC18BB7937F8B24A56,
				2DBCBEDD6A9B8440C8705C03,
				22419E6C9150159FB90F5B67,
				E0CC4950DAAB5A6FE3B7E16D,
				4111F800CE47F2D2FCC0D2D2,
				A642BBA44A200DA78DC8E341,
			);
			path = Zoon;
			sourceTree = "<group>";
		};
		B46A6AFB1DC88CE23F6E63F1 /* Shared */ = {
			isa = PBXGroup;
			children = (
				63B144AF3807FA6DAA668EFE,
				580579B853CCD8F36BC2CF5A,
				DF4CCC9CCF7CEDBD7455FEF2,
				4D46AFE40EF6A03AB6D2D1BE,
				03508B538C62AC65FD8AD914,
				1A572D9FB17470E31AB20EEE,
				6A941681C0FF29010F444059,
				FBBDF3B33AE740C4B071FD90,
				F9B138F2A60F6322FB92FB15,
				E06932F33E82F37E1B73B42C,
				9D123766B00625BEF005F888,
				07C70198E5864BE78E07D8D1,
				29BBBECC2713C3FCF9065786,
				E37034BC992888E8D1BA676B,
				010D79DAE1D4D7B54F7147DA,
				AD9F7BD8ACF0A1F1076E3A07,
				4EC1FF35F8179A094C3AB745,
				7EC392B5759BE3200B53F48D,
			);
			path = Shared;
			sourceTree = "<group>";
		};
		E0CC4950DAAB5A6FE3B7E16D /* Views */ = {
			isa = PBXGroup;
			children = (
				037D43276F716FE803145F5F,
				198401AD6CC208D4D6138629,
				97851BDC0CB8EE6780A3E49D,
				6EF28EA3935C59AD80111D89,
				40C905EF878241FBB40DA514,
				37EAA5532EFA21001A098C97,
				406D31EF0E61E462C6DAC9C5,
				90AD8CB0B86EA29FC8EBEF2B,
				F89C5DEE01809047EF6230EF,
				8FA2A39F223DD162F1139936,
				603206A2CDB9BC509E9EAD46,
				6E73BF56BE184A76A17FDF61,
			);
			path = Views;
			sourceTree = "<group>";
		};
/* End PBXGroup section */

/* Begin PBXNativeTarget section */
		3B349027366F684A61204B00 /* ZoonWidgetExtension */ = {
			isa = PBXNativeTarget;
			buildConfigurationList = 3D5B5193CF8AC4E310989886 /* Build configuration list for PBXNativeTarget "ZoonWidgetExtension" */;
			buildPhases = (
				95DAD0AC89EF1F52E2DEFFA0 /* Sources */,
				C380EA7C32F43BBFAB3A69EC /* Frameworks */,
				8E8ACC78AEBB48CA6947008B /* Resources */,
			);
			buildRules = (
			);
			dependencies = (
			);
			name = ZoonWidgetExtension;
			productName = ZoonWidgetExtension;
			productReference = CFEE55A02984C083C52C8EFC /* ZoonWidgetExtension.appex */;
			productType = "com.apple.product-type.app-extension";
		};
		E3435DDA2687639586BF0B70 /* Zoon */ = {
			isa = PBXNativeTarget;
			buildConfigurationList = 5505F9AF814A7F0992DE2402 /* Build configuration list for PBXNativeTarget "Zoon" */;
			buildPhases = (
				4821909E9BF9E73E471FEA84 /* Sources */,
				DB575B01C9EDB90A46216F71 /* Frameworks */,
				0BC40DDAB69570E4FBE53FB5 /* Resources */,
				496AF46EC2762DDF91F78F13 /* Embed Foundation Extensions */,
			);
			buildRules = (
			);
			dependencies = (
				5A9082BF535D9EBF6E6C908A /* PBXTargetDependency */,
			);
			name = Zoon;
			productName = Zoon;
			productReference = 84337AD8D27FCD69AF2C4FC2 /* Zoon.app */;
			productType = "com.apple.product-type.application";
		};
/* End PBXNativeTarget section */

/* Begin PBXProject section */
		46F86FAA6BBF9AC94A7E4595 /* Project object */ = {
			isa = PBXProject;
			attributes = {
				BuildIndependentTargetsInParallel = 1;
				LastSwiftUpdateCheck = 1520;
				LastUpgradeCheck = 1520;
				TargetAttributes = {
					E3435DDA2687639586BF0B70 = {CreatedOnToolsVersion = 15.2; };
					3B349027366F684A61204B00 = {CreatedOnToolsVersion = 15.2; };
				};
			};
			buildConfigurationList = 7EF2517A8FE63F4681EC5EEA /* Build configuration list for PBXProject "Zoon" */;
			compatibilityVersion = "Xcode 14.0";
			developmentRegion = en;
			hasScannedForEncodings = 0;
			knownRegions = (
				en,
				Base,
			);
			mainGroup = 518DA81DB9B99529C0C0AEBE;
			productRefGroup = 547D009064F7C3F13BEF3460 /* Products */;
			projectDirPath = "";
			projectRoot = "";
			targets = (
				E3435DDA2687639586BF0B70 /* Zoon */,
				3B349027366F684A61204B00 /* ZoonWidgetExtension */,
			);
		};
/* End PBXProject section */

/* Begin PBXResourcesBuildPhase section */
		0BC40DDAB69570E4FBE53FB5 /* Resources */ = {
			isa = PBXResourcesBuildPhase;
			buildActionMask = 2147483647;
			files = (
				30D02782ED1C19CF13EB68F2,
			);
			runOnlyForDeploymentPostprocessing = 0;
		};
		8E8ACC78AEBB48CA6947008B /* Resources */ = {
			isa = PBXResourcesBuildPhase;
			buildActionMask = 2147483647;
			files = (
				F093513A2B0112BFAB4586CC,
			);
			runOnlyForDeploymentPostprocessing = 0;
		};
/* End PBXResourcesBuildPhase section */

/* Begin PBXSourcesBuildPhase section */
		4821909E9BF9E73E471FEA84 /* Sources */ = {
			isa = PBXSourcesBuildPhase;
			buildActionMask = 2147483647;
			files = (
				77DB90244BE02A48D458878F,
				3A79A11D0D8F02FADB5E47F5,
				AED0FF0C41F4D17DA551838B,
				BA6CB9436CCAABA2DA57A9FF,
				087E7F3337D2A7FD08502A0F,
				B14CE3E0336C3BC2A34B75C7,
				2233FE64FFCC356E0CC0FE26,
				1F95ADE0352279494A37A30F,
				342B5CD8E6E873E78B42501D,
				37D54E5BDD40739E90B7D9BE,
				08DC18B7AC84F0F91131ED58,
				D16936FC59B87D97DE8C244A,
				EF4827F9DEB3898B7733F8DE,
				FDDD9393A5532F86AFC33A2D,
				9715C5BD2335132F4F8AC6B5,
				17F1F32ECCE94547CB95F327,
				FA872B4C4904465C3E1557A2,
				402487B4962F61C60243F542,
				F7D50D4A2644F88D12CE6225,
				AD04426F85852FA876D1783B,
				8244F98542528575434DEA30,
				63F21DE5FD17061A3D6B660F,
				0A7C54E3814C703015DAABFB,
				8508204FEC412F59D8F3D82F,
				E7E68658D923ECD0BD14401E,
				B1B070822C0790707FE00BC1,
				63EACBCDD07E27FB51CFE8A1,
				47EF1E15A3967BBBDDE1EAAF,
				DFB5C693F73E21AC169D52A2,
				318F2D3EAEE2B49A3F03B7E2,
				0AFB79BBE592F3A82611801A,
				E9CFB4321D71716E53CF9575,
				5EA91DA4CE2DC82C8268D79F,
				280DC4B2F8180261BC53D2E2,
				E11AF6F8F50A25A70CB39D3C,
				2CA9DF6A4727B3E86AE97048,
				FEC6F3C8CE0738C45E564583,
				341925CCB785A77216B06E8A,
				0E21C726F36D1A9DA6147C69,
				E2DF80B10EB5CB60C63DEEC1,
				DD223371A0B29FBE235BBC6B,
				E6F8F401B31F787AC7358604,
				AE3A221E7415F4805F6CF9E7,
				35E99C1587A2DB7A3425CF63,
				0BFD587316B7C688C3E4FD8E,
				81C5CE87400BED1A7448534A,
				F4564ECAF9BD29A9DDF14656,
				1F0BAE90812B36875A249405,
				D397403DABFEACAA41DB8475,
				FF3BFC3E797A78A4EB75D0A7,
				17E20F77C3F9E3A12553EC09,
				248785715B3DE2156DD7571C,
				2B161999F3551D16B4DC0D91,
				6CCD88C5A3EB177EE43A50F9,
				E77CCAEA9A804E80BA0090EA,
				BE8F8EADC36EFF631AA73AC1,
				FC1D90B78CCBC21C380EB178,
			);
			runOnlyForDeploymentPostprocessing = 0;
		};
		95DAD0AC89EF1F52E2DEFFA0 /* Sources */ = {
			isa = PBXSourcesBuildPhase;
			buildActionMask = 2147483647;
			files = (
				F5DBED31BF40FC4B08D4D390,
				A6A9D3E2060799C1C6F5FE2C,
				DC2C58193F5F943D820FC820,
				54A550E8B72A295F8711315C,
				1E9CA31043BE3458E6F3BD44,
				1392657BC356A10710540C9C,
				49D17492D853157D162DD3F2,
				127350D1EFDD818C34F178E4,
				79320CD5F3A7F8E12DA02168,
				2F84511FA3AF3BAA1C4DC443,
				C7141183286099D4C8F5A4D9,
				154E2FFCB3D5DD24C50D2651,
				5B4D3B73E663574D67496403,
				FB653BDD763662866376DE9F,
				F4912FC411860F03F63EB22F,
				36B1C7EF0815C51842522689,
				6CA4AE04FD206F5A3004A1A5,
				96F939EF1F8F92D4E152A63B,
				63C0C306002158B02EA497E5,
				D5B2AB8453BE04089FAB875E,
				408D22C1B528FB25B057BC19,
				201777ABF9C10100E8D20386,
				76C0D28CA9E55F71BE2DB9A0,
				6E72E1436F4E1E93625CCCB6,
			);
			runOnlyForDeploymentPostprocessing = 0;
		};
/* End PBXSourcesBuildPhase section */

/* Begin PBXTargetDependency section */
		5A9082BF535D9EBF6E6C908A /* PBXTargetDependency */ = {
			isa = PBXTargetDependency;
			target = 3B349027366F684A61204B00 /* ZoonWidgetExtension */;
			targetProxy = 6332FA84B7BDEC43CA23DF4F /* PBXContainerItemProxy */;
		};
/* End PBXTargetDependency section */

/* Begin XCBuildConfiguration section */
		06125DCB1954C4F7EEE69894 /* Debug */ = {
			isa = XCBuildConfiguration;
			buildSettings = {
				ALWAYS_SEARCH_USER_PATHS = NO;
				ASSETCATALOG_COMPILER_GENERATE_SWIFT_ASSET_SYMBOL_EXTENSIONS = YES;
				CLANG_ANALYZER_NONNULL = YES;
				CLANG_ANALYZER_NUMBER_OBJECT_CONVERSION = YES_AGGRESSIVE;
				CLANG_ENABLE_MODULES = YES;
				CLANG_ENABLE_OBJC_ARC = YES;
				CLANG_WARN_BOOL_CONVERSION = YES;
				CLANG_WARN_DOCUMENTATION_COMMENTS = YES;
				CLANG_WARN_EMPTY_BODY = YES;
				CLANG_WARN_UNREACHABLE_CODE = YES;
				COPY_PHASE_STRIP = NO;
				ENABLE_STRICT_OBJC_MSGSEND = YES;
				ENABLE_USER_SCRIPT_SANDBOXING = YES;
				GCC_C_LANGUAGE_STANDARD = gnu17;
				GCC_NO_COMMON_BLOCKS = YES;
				GCC_WARN_UNINITIALIZED_AUTOS = YES_AGGRESSIVE;
				GCC_WARN_UNUSED_VARIABLE = YES;
				IPHONEOS_DEPLOYMENT_TARGET = 18.0;
				LOCALIZATION_PREFERS_STRING_CATALOGS = YES;
				MTL_FAST_MATH = YES;
				SDKROOT = iphoneos;
				SWIFT_VERSION = 5.0;
				TARGETED_DEVICE_FAMILY = 1;
				DEBUG_INFORMATION_FORMAT = dwarf;
				ENABLE_TESTABILITY = YES;
				GCC_DYNAMIC_NO_PIC = NO;
				GCC_OPTIMIZATION_LEVEL = 0;
				GCC_PREPROCESSOR_DEFINITIONS = (
					"DEBUG=1",
					"$(inherited)",
				);
				MTL_ENABLE_DEBUG_INFO = INCLUDE_SOURCE;
				ONLY_ACTIVE_ARCH = YES;
				SWIFT_ACTIVE_COMPILATION_CONDITIONS = "DEBUG $(inherited)";
				SWIFT_OPTIMIZATION_LEVEL = "-Onone";
			};
			name = Debug;
		};
		699FCDBED06EC64C8A6B513F /* Release */ = {
			isa = XCBuildConfiguration;
			buildSettings = {
				CODE_SIGN_STYLE = Automatic;
				CURRENT_PROJECT_VERSION = 1;
				ENABLE_PREVIEWS = YES;
				MARKETING_VERSION = 1.0;
				PRODUCT_NAME = "$(TARGET_NAME)";
				SWIFT_EMIT_LOC_STRINGS = YES;
				ASSETCATALOG_COMPILER_APPICON_NAME = AppIcon;
				ASSETCATALOG_COMPILER_GLOBAL_ACCENT_COLOR_NAME = AccentColor;
				GENERATE_INFOPLIST_FILE = YES;
				INFOPLIST_KEY_CFBundleDisplayName = Zoon;
				INFOPLIST_KEY_NSHealthShareUsageDescription = "Zoon reads your sleep, heart rate, HRV, respiratory rate, blood oxygen and wrist temperature to explain how you slept. Everything is processed on this device and never leaves it.";
				INFOPLIST_KEY_UIApplicationSceneManifest_Generation = YES;
				INFOPLIST_KEY_UIApplicationSupportsIndirectInputEvents = YES;
				INFOPLIST_KEY_NSSupportsLiveActivities = YES;
				INFOPLIST_KEY_UILaunchScreen_Generation = YES;
				INFOPLIST_KEY_UISupportedInterfaceOrientations = "UIInterfaceOrientationPortrait UIInterfaceOrientationPortraitUpsideDown";
				LD_RUNPATH_SEARCH_PATHS = (
					"$(inherited)",
					"@executable_path/Frameworks",
				);
				PRODUCT_BUNDLE_IDENTIFIER = com.zoon.sleep;
			};
			name = Release;
		};
		7E3B7AEEBF5BFFC2BAF4F768 /* Release */ = {
			isa = XCBuildConfiguration;
			buildSettings = {
				CODE_SIGN_STYLE = Automatic;
				CURRENT_PROJECT_VERSION = 1;
				ENABLE_PREVIEWS = YES;
				MARKETING_VERSION = 1.0;
				PRODUCT_NAME = "$(TARGET_NAME)";
				SWIFT_EMIT_LOC_STRINGS = YES;
				ASSETCATALOG_COMPILER_GLOBAL_ACCENT_COLOR_NAME = AccentColor;
				ASSETCATALOG_COMPILER_WIDGET_BACKGROUND_COLOR_NAME = WidgetBackground;
				GENERATE_INFOPLIST_FILE = NO;
				INFOPLIST_FILE = ZoonWidget/Info.plist;
				LD_RUNPATH_SEARCH_PATHS = (
					"$(inherited)",
					"@executable_path/Frameworks",
					"@executable_path/../../Frameworks",
				);
				PRODUCT_BUNDLE_IDENTIFIER = com.zoon.sleep.ZoonWidget;
				SKIP_INSTALL = YES;
			};
			name = Release;
		};
		A1E63E9AED7999182E6042AA /* Debug */ = {
			isa = XCBuildConfiguration;
			buildSettings = {
				CODE_SIGN_STYLE = Automatic;
				CURRENT_PROJECT_VERSION = 1;
				ENABLE_PREVIEWS = YES;
				MARKETING_VERSION = 1.0;
				PRODUCT_NAME = "$(TARGET_NAME)";
				SWIFT_EMIT_LOC_STRINGS = YES;
				ASSETCATALOG_COMPILER_GLOBAL_ACCENT_COLOR_NAME = AccentColor;
				ASSETCATALOG_COMPILER_WIDGET_BACKGROUND_COLOR_NAME = WidgetBackground;
				GENERATE_INFOPLIST_FILE = NO;
				INFOPLIST_FILE = ZoonWidget/Info.plist;
				LD_RUNPATH_SEARCH_PATHS = (
					"$(inherited)",
					"@executable_path/Frameworks",
					"@executable_path/../../Frameworks",
				);
				PRODUCT_BUNDLE_IDENTIFIER = com.zoon.sleep.ZoonWidget;
				SKIP_INSTALL = YES;
			};
			name = Debug;
		};
		AACF5BDB2BC481EB947517D5 /* Release */ = {
			isa = XCBuildConfiguration;
			buildSettings = {
				ALWAYS_SEARCH_USER_PATHS = NO;
				ASSETCATALOG_COMPILER_GENERATE_SWIFT_ASSET_SYMBOL_EXTENSIONS = YES;
				CLANG_ANALYZER_NONNULL = YES;
				CLANG_ANALYZER_NUMBER_OBJECT_CONVERSION = YES_AGGRESSIVE;
				CLANG_ENABLE_MODULES = YES;
				CLANG_ENABLE_OBJC_ARC = YES;
				CLANG_WARN_BOOL_CONVERSION = YES;
				CLANG_WARN_DOCUMENTATION_COMMENTS = YES;
				CLANG_WARN_EMPTY_BODY = YES;
				CLANG_WARN_UNREACHABLE_CODE = YES;
				COPY_PHASE_STRIP = NO;
				ENABLE_STRICT_OBJC_MSGSEND = YES;
				ENABLE_USER_SCRIPT_SANDBOXING = YES;
				GCC_C_LANGUAGE_STANDARD = gnu17;
				GCC_NO_COMMON_BLOCKS = YES;
				GCC_WARN_UNINITIALIZED_AUTOS = YES_AGGRESSIVE;
				GCC_WARN_UNUSED_VARIABLE = YES;
				IPHONEOS_DEPLOYMENT_TARGET = 18.0;
				LOCALIZATION_PREFERS_STRING_CATALOGS = YES;
				MTL_FAST_MATH = YES;
				SDKROOT = iphoneos;
				SWIFT_VERSION = 5.0;
				TARGETED_DEVICE_FAMILY = 1;
				DEBUG_INFORMATION_FORMAT = "dwarf-with-dsym";
				ENABLE_NS_ASSERTIONS = NO;
				MTL_ENABLE_DEBUG_INFO = NO;
				SWIFT_COMPILATION_MODE = wholemodule;
				VALIDATE_PRODUCT = YES;
			};
			name = Release;
		};
		C0DD1C3E4BFC124D878FE440 /* Debug */ = {
			isa = XCBuildConfiguration;
			buildSettings = {
				CODE_SIGN_STYLE = Automatic;
				CURRENT_PROJECT_VERSION = 1;
				ENABLE_PREVIEWS = YES;
				MARKETING_VERSION = 1.0;
				PRODUCT_NAME = "$(TARGET_NAME)";
				SWIFT_EMIT_LOC_STRINGS = YES;
				ASSETCATALOG_COMPILER_APPICON_NAME = AppIcon;
				ASSETCATALOG_COMPILER_GLOBAL_ACCENT_COLOR_NAME = AccentColor;
				GENERATE_INFOPLIST_FILE = YES;
				INFOPLIST_KEY_CFBundleDisplayName = Zoon;
				INFOPLIST_KEY_NSHealthShareUsageDescription = "Zoon reads your sleep, heart rate, HRV, respiratory rate, blood oxygen and wrist temperature to explain how you slept. Everything is processed on this device and never leaves it.";
				INFOPLIST_KEY_UIApplicationSceneManifest_Generation = YES;
				INFOPLIST_KEY_UIApplicationSupportsIndirectInputEvents = YES;
				INFOPLIST_KEY_NSSupportsLiveActivities = YES;
				INFOPLIST_KEY_UILaunchScreen_Generation = YES;
				INFOPLIST_KEY_UISupportedInterfaceOrientations = "UIInterfaceOrientationPortrait UIInterfaceOrientationPortraitUpsideDown";
				LD_RUNPATH_SEARCH_PATHS = (
					"$(inherited)",
					"@executable_path/Frameworks",
				);
				PRODUCT_BUNDLE_IDENTIFIER = com.zoon.sleep;
			};
			name = Debug;
		};
/* End XCBuildConfiguration section */

/* Begin XCConfigurationList section */
		3D5B5193CF8AC4E310989886 /* Build configuration list for PBXNativeTarget "ZoonWidgetExtension" */ = {
			isa = XCConfigurationList;
			buildConfigurations = (
				A1E63E9AED7999182E6042AA /* Debug */,
				7E3B7AEEBF5BFFC2BAF4F768 /* Release */,
			);
			defaultConfigurationIsVisible = 0;
			defaultConfigurationName = Release;
		};
		5505F9AF814A7F0992DE2402 /* Build configuration list for PBXNativeTarget "Zoon" */ = {
			isa = XCConfigurationList;
			buildConfigurations = (
				C0DD1C3E4BFC124D878FE440 /* Debug */,
				699FCDBED06EC64C8A6B513F /* Release */,
			);
			defaultConfigurationIsVisible = 0;
			defaultConfigurationName = Release;
		};
		7EF2517A8FE63F4681EC5EEA /* Build configuration list for PBXProject "Zoon" */ = {
			isa = XCConfigurationList;
			buildConfigurations = (
				06125DCB1954C4F7EEE69894 /* Debug */,
				AACF5BDB2BC481EB947517D5 /* Release */,
			);
			defaultConfigurationIsVisible = 0;
			defaultConfigurationName = Release;
		};
/* End XCConfigurationList section */

	};
	rootObject = 46F86FAA6BBF9AC94A7E4595 /* Project object */;
}
